{
  "object": {
    "pins": [
      {
        "package": "Path.swift",
        "repositoryURL": "https://github.com/mxcl/Path.swift",
        "state": {
          "branch": null,
          "revision": "f324b4a562ca421fd2905414a10fb0fc91d58b67",
          "version": "0.16.2"
        }
      }
    ]
  },
  "version": 1
}
