{
  "object": {
    "pins": [
      {
        "package": "Just",
        "repositoryURL": "https://github.com/saeta/Just",
        "state": {
          "branch": null,
          "revision": "35dbe6823bf5f9b9bb996c1fe6c9ad9a4c59d821",
          "version": "0.7.3"
        }
      },
      {
        "package": "NotebookExport",
        "repositoryURL": "https://github.com/latenitesoft/NotebookExport",
        "state": {
          "branch": null,
          "revision": "9102631248217cc8ef405e92edae7bdcebcb7166",
          "version": "0.6.0"
        }
      },
      {
        "package": "Path.swift",
        "repositoryURL": "https://github.com/mxcl/Path.swift",
        "state": {
          "branch": null,
          "revision": "dac007e907a4f4c565cfdc55a9ce148a761a11d5",
          "version": "0.16.3"
        }
      }
    ]
  },
  "version": 1
}
